
Microsoft Visual Studio Solution File, Format Version 12.00
# Visual Studio 15
VisualStudioVersion = 15.0.27130.2036
MinimumVisualStudioVersion = 10.0.40219.1
Project("{FAE04EC0-301F-11D3-BF4B-00C04F79EFBC}") = "ProjectYahtzee", "ProjectYahtzee\ProjectYahtzee.csproj", "{9E5B718D-763D-47F7-8130-AB9D579CCEA6}"
EndProject
Project("{2150E333-8FDC-42A3-9474-1A3956D46DE8}") = "Solution Items", "Solution Items", "{536DA429-F600-4F69-B8FE-08F4F6D91777}"
	ProjectSection(SolutionItems) = preProject
		..\Resources\images\dice_value_1.png = ..\Resources\images\dice_value_1.png
		..\Resources\images\dice_value_2.png = ..\Resources\images\dice_value_2.png
		..\Resources\images\dice_value_3.png = ..\Resources\images\dice_value_3.png
		..\Resources\images\dice_value_4.png = ..\Resources\images\dice_value_4.png
		..\Resources\images\dice_value_5.png = ..\Resources\images\dice_value_5.png
		..\Resources\images\dice_value_6.png = ..\Resources\images\dice_value_6.png
	EndProjectSection
EndProject
Global
	GlobalSection(SolutionConfigurationPlatforms) = preSolution
		Debug|Any CPU = Debug|Any CPU
		Release|Any CPU = Release|Any CPU
	EndGlobalSection
	GlobalSection(ProjectConfigurationPlatforms) = postSolution
		{9E5B718D-763D-47F7-8130-AB9D579CCEA6}.Debug|Any CPU.ActiveCfg = Debug|Any CPU
		{9E5B718D-763D-47F7-8130-AB9D579CCEA6}.Debug|Any CPU.Build.0 = Debug|Any CPU
		{9E5B718D-763D-47F7-8130-AB9D579CCEA6}.Release|Any CPU.ActiveCfg = Release|Any CPU
		{9E5B718D-763D-47F7-8130-AB9D579CCEA6}.Release|Any CPU.Build.0 = Release|Any CPU
	EndGlobalSection
	GlobalSection(SolutionProperties) = preSolution
		HideSolutionNode = FALSE
	EndGlobalSection
	GlobalSection(ExtensibilityGlobals) = postSolution
		SolutionGuid = {BAD89476-F434-4D9B-B7FE-279BE441E7F3}
	EndGlobalSection
EndGlobal
